
Microsoft Visual Studio Solution File, Format Version 12.00
# Visual Studio Version 16
VisualStudioVersion = 16.0.30011.22
MinimumVisualStudioVersion = 10.0.40219.1
Project("{FAE04EC0-301F-11D3-BF4B-00C04F79EFBC}") = "CadastralPlanTerritory", "CadastralPlanTerritory\CadastralPlanTerritory.csproj", "{1CE43CEB-5CD9-4091-B04F-DA3E8E1F8996}"
EndProject
Global
	GlobalSection(SolutionConfigurationPlatforms) = preSolution
		Debug|Any CPU = Debug|Any CPU
		Release|Any CPU = Release|Any CPU
	EndGlobalSection
	GlobalSection(ProjectConfigurationPlatforms) = postSolution
		{1CE43CEB-5CD9-4091-B04F-DA3E8E1F8996}.Debug|Any CPU.ActiveCfg = Debug|Any CPU
		{1CE43CEB-5CD9-4091-B04F-DA3E8E1F8996}.Debug|Any CPU.Build.0 = Debug|Any CPU
		{1CE43CEB-5CD9-4091-B04F-DA3E8E1F8996}.Release|Any CPU.ActiveCfg = Release|Any CPU
		{1CE43CEB-5CD9-4091-B04F-DA3E8E1F8996}.Release|Any CPU.Build.0 = Release|Any CPU
	EndGlobalSection
	GlobalSection(SolutionProperties) = preSolution
		HideSolutionNode = FALSE
	EndGlobalSection
	GlobalSection(ExtensibilityGlobals) = postSolution
		SolutionGuid = {01FBABCA-DB44-44E5-BC11-C76792DD7051}
	EndGlobalSection
EndGlobal
